// !$*UTF8*$!
{
	archiveVersion = 1;
	classes = {
	};
	objectVersion = 56;
	objects = {

/* Begin PBXBuildFile section */
		22088CEB2C3AD0E0006A5692 /* CalendarController.swift in Sources */ = {isa = PBXBuildFile; fileRef = 22088CEA2C3AD0DF006A5692 /* CalendarController.swift */; };
		22088CED2C3AD46C006A5692 /* ScheduleTableViewCell.swift in Sources */ = {isa = PBXBuildFile; fileRef = 22088CEC2C3AD46C006A5692 /* ScheduleTableViewCell.swift */; };
		22088CF12C3AE275006A5692 /* UIStackView.swift in Sources */ = {isa = PBXBuildFile; fileRef = 22088CF02C3AE275006A5692 /* UIStackView.swift */; };
		22D6435C2C3A9ED2002DEC5F /* AppDelegate.swift in Sources */ = {isa = PBXBuildFile; fileRef = 22D6435B2C3A9ED2002DEC5F /* AppDelegate.swift */; };
		22D6435E2C3A9ED2002DEC5F /* SceneDelegate.swift in Sources */ = {isa = PBXBuildFile; fileRef = 22D6435D2C3A9ED2002DEC5F /* SceneDelegate.swift */; };
		22D643602C3A9ED2002DEC5F /* MainTabBarController.swift in Sources */ = {isa = PBXBuildFile; fileRef = 22D6435F2C3A9ED2002DEC5F /* MainTabBarController.swift */; };
		22D643652C3A9ED4002DEC5F /* Assets.xcassets in Resources */ = {isa = PBXBuildFile; fileRef = 22D643642C3A9ED4002DEC5F /* Assets.xcassets */; };
		22D643682C3A9ED4002DEC5F /* LaunchScreen.storyboard in Resources */ = {isa = PBXBuildFile; fileRef = 22D643662C3A9ED4002DEC5F /* LaunchScreen.storyboard */; };
		22D643702C3AA131002DEC5F /* ScheduleViewController.swift in Sources */ = {isa = PBXBuildFile; fileRef = 22D6436F2C3AA131002DEC5F /* ScheduleViewController.swift */; };
		22D643722C3AA140002DEC5F /* TasksViewController.swift in Sources */ = {isa = PBXBuildFile; fileRef = 22D643712C3AA140002DEC5F /* TasksViewController.swift */; };
		22D643742C3AA151002DEC5F /* ContactsViewController.swift in Sources */ = {isa = PBXBuildFile; fileRef = 22D643732C3AA151002DEC5F /* ContactsViewController.swift */; };
		5730226269B2B5C1168DADC7 /* Pods_MySchedule.framework in Frameworks */ = {isa = PBXBuildFile; fileRef = EF3F2CF701EC2A913167001F /* Pods_MySchedule.framework */; };
/* End PBXBuildFile section */

/* Begin PBXFileReference section */
		22088CEA2C3AD0DF006A5692 /* CalendarController.swift */ = {isa = PBXFileReference; lastKnownFileType = sourcecode.swift; path = CalendarController.swift; sourceTree = "<group>"; };
		22088CEC2C3AD46C006A5692 /* ScheduleTableViewCell.swift */ = {isa = PBXFileReference; lastKnownFileType = sourcecode.swift; path = ScheduleTableViewCell.swift; sourceTree = "<group>"; };
		22088CF02C3AE275006A5692 /* UIStackView.swift */ = {isa = PBXFileReference; lastKnownFileType = sourcecode.swift; path = UIStackView.swift; sourceTree = "<group>"; };
		22D643582C3A9ED2002DEC5F /* MySchedule.app */ = {isa = PBXFileReference; explicitFileType = wrapper.application; includeInIndex = 0; path = MySchedule.app; sourceTree = BUILT_PRODUCTS_DIR; };
		22D6435B2C3A9ED2002DEC5F /* AppDelegate.swift */ = {isa = PBXFileReference; lastKnownFileType = sourcecode.swift; path = AppDelegate.swift; sourceTree = "<group>"; };
		22D6435D2C3A9ED2002DEC5F /* SceneDelegate.swift */ = {isa = PBXFileReference; lastKnownFileType = sourcecode.swift; path = SceneDelegate.swift; sourceTree = "<group>"; };
		22D6435F2C3A9ED2002DEC5F /* MainTabBarController.swift */ = {isa = PBXFileReference; lastKnownFileType = sourcecode.swift; path = MainTabBarController.swift; sourceTree = "<group>"; };
		22D643642C3A9ED4002DEC5F /* Assets.xcassets */ = {isa = PBXFileReference; lastKnownFileType = folder.assetcatalog; path = Assets.xcassets; sourceTree = "<group>"; };
		22D643672C3A9ED4002DEC5F /* Base */ = {isa = PBXFileReference; lastKnownFileType = file.storyboard; name = Base; path = Base.lproj/LaunchScreen.storyboard; sourceTree = "<group>"; };
		22D643692C3A9ED4002DEC5F /* Info.plist */ = {isa = PBXFileReference; lastKnownFileType = text.plist.xml; path = Info.plist; sourceTree = "<group>"; };
		22D6436F2C3AA131002DEC5F /* ScheduleViewController.swift */ = {isa = PBXFileReference; lastKnownFileType = sourcecode.swift; path = ScheduleViewController.swift; sourceTree = "<group>"; };
		22D643712C3AA140002DEC5F /* TasksViewController.swift */ = {isa = PBXFileReference; lastKnownFileType = sourcecode.swift; path = TasksViewController.swift; sourceTree = "<group>"; };
		22D643732C3AA151002DEC5F /* ContactsViewController.swift */ = {isa = PBXFileReference; lastKnownFileType = sourcecode.swift; path = ContactsViewController.swift; sourceTree = "<group>"; };
		3850445AA7A7E48711FB042F /* Pods-MySchedule.release.xcconfig */ = {isa = PBXFileReference; includeInIndex = 1; lastKnownFileType = text.xcconfig; name = "Pods-MySchedule.release.xcconfig"; path = "Target Support Files/Pods-MySchedule/Pods-MySchedule.release.xcconfig"; sourceTree = "<group>"; };
		E5156955CF35A955BDBC2DDD /* Pods-MySchedule.debug.xcconfig */ = {isa = PBXFileReference; includeInIndex = 1; lastKnownFileType = text.xcconfig; name = "Pods-MySchedule.debug.xcconfig"; path = "Target Support Files/Pods-MySchedule/Pods-MySchedule.debug.xcconfig"; sourceTree = "<group>"; };
		EF3F2CF701EC2A913167001F /* Pods_MySchedule.framework */ = {isa = PBXFileReference; explicitFileType = wrapper.framework; includeInIndex = 0; path = Pods_MySchedule.framework; sourceTree = BUILT_PRODUCTS_DIR; };
/* End PBXFileReference section */

/* Begin PBXFrameworksBuildPhase section */
		22D643552C3A9ED2002DEC5F /* Frameworks */ = {
			isa = PBXFrameworksBuildPhase;
			buildActionMask = 2147483647;
			files = (
				5730226269B2B5C1168DADC7 /* Pods_MySchedule.framework in Frameworks */,
			);
			runOnlyForDeploymentPostprocessing = 0;
		};
/* End PBXFrameworksBuildPhase section */

/* Begin PBXGroup section */
		22088CE52C3ACC21006A5692 /* ScheduleScene */ = {
			isa = PBXGroup;
			children = (
				22D6436F2C3AA131002DEC5F /* ScheduleViewController.swift */,
				22088CEC2C3AD46C006A5692 /* ScheduleTableViewCell.swift */,
			);
			path = ScheduleScene;
			sourceTree = "<group>";
		};
		22088CE62C3ACC3B006A5692 /* TasksScene */ = {
			isa = PBXGroup;
			children = (
				22D643712C3AA140002DEC5F /* TasksViewController.swift */,
			);
			path = TasksScene;
			sourceTree = "<group>";
		};
		22088CE72C3ACC4B006A5692 /* ContactsScene */ = {
			isa = PBXGroup;
			children = (
				22D643732C3AA151002DEC5F /* ContactsViewController.swift */,
			);
			path = ContactsScene;
			sourceTree = "<group>";
		};
		22088CE82C3ACC69006A5692 /* App */ = {
			isa = PBXGroup;
			children = (
				22D6435B2C3A9ED2002DEC5F /* AppDelegate.swift */,
				22D6435D2C3A9ED2002DEC5F /* SceneDelegate.swift */,
				22D643642C3A9ED4002DEC5F /* Assets.xcassets */,
				22D643662C3A9ED4002DEC5F /* LaunchScreen.storyboard */,
				22D643692C3A9ED4002DEC5F /* Info.plist */,
			);
			path = App;
			sourceTree = "<group>";
		};
		22088CE92C3ACC80006A5692 /* Controllers */ = {
			isa = PBXGroup;
			children = (
				22D6435F2C3A9ED2002DEC5F /* MainTabBarController.swift */,
				22088CEA2C3AD0DF006A5692 /* CalendarController.swift */,
			);
			path = Controllers;
			sourceTree = "<group>";
		};
		22088CEE2C3AE251006A5692 /* Extensions */ = {
			isa = PBXGroup;
			children = (
				22088CEF2C3AE25A006A5692 /* UIKit */,
			);
			path = Extensions;
			sourceTree = "<group>";
		};
		22088CEF2C3AE25A006A5692 /* UIKit */ = {
			isa = PBXGroup;
			children = (
				22088CF02C3AE275006A5692 /* UIStackView.swift */,
			);
			path = UIKit;
			sourceTree = "<group>";
		};
		22D6434F2C3A9ED2002DEC5F = {
			isa = PBXGroup;
			children = (
				22D6435A2C3A9ED2002DEC5F /* MySchedule */,
				22D643592C3A9ED2002DEC5F /* Products */,
				F1EDE74D470DB6A7B012B2A0 /* Pods */,
				7D90C5F66D4EFE6F2433B1F2 /* Frameworks */,
			);
			sourceTree = "<group>";
		};
		22D643592C3A9ED2002DEC5F /* Products */ = {
			isa = PBXGroup;
			children = (
				22D643582C3A9ED2002DEC5F /* MySchedule.app */,
			);
			name = Products;
			sourceTree = "<group>";
		};
		22D6435A2C3A9ED2002DEC5F /* MySchedule */ = {
			isa = PBXGroup;
			children = (
				22088CEE2C3AE251006A5692 /* Extensions */,
				22088CE82C3ACC69006A5692 /* App */,
				22088CE52C3ACC21006A5692 /* ScheduleScene */,
				22088CE62C3ACC3B006A5692 /* TasksScene */,
				22088CE72C3ACC4B006A5692 /* ContactsScene */,
				22088CE92C3ACC80006A5692 /* Controllers */,
			);
			path = MySchedule;
			sourceTree = "<group>";
		};
		7D90C5F66D4EFE6F2433B1F2 /* Frameworks */ = {
			isa = PBXGroup;
			children = (
				EF3F2CF701EC2A913167001F /* Pods_MySchedule.framework */,
			);
			name = Frameworks;
			sourceTree = "<group>";
		};
		F1EDE74D470DB6A7B012B2A0 /* Pods */ = {
			isa = PBXGroup;
			children = (
				E5156955CF35A955BDBC2DDD /* Pods-MySchedule.debug.xcconfig */,
				3850445AA7A7E48711FB042F /* Pods-MySchedule.release.xcconfig */,
			);
			path = Pods;
			sourceTree = "<group>";
		};
/* End PBXGroup section */

/* Begin PBXNativeTarget section */
		22D643572C3A9ED2002DEC5F /* MySchedule */ = {
			isa = PBXNativeTarget;
			buildConfigurationList = 22D6436C2C3A9ED4002DEC5F /* Build configuration list for PBXNativeTarget "MySchedule" */;
			buildPhases = (
				CAB6A50D443BFBD53C5B528C /* [CP] Check Pods Manifest.lock */,
				22D643542C3A9ED2002DEC5F /* Sources */,
				22D643552C3A9ED2002DEC5F /* Frameworks */,
				22D643562C3A9ED2002DEC5F /* Resources */,
				4A4E9BAB8E5A0AE82458532B /* [CP] Embed Pods Frameworks */,
			);
			buildRules = (
			);
			dependencies = (
			);
			name = MySchedule;
			productName = MySchedule;
			productReference = 22D643582C3A9ED2002DEC5F /* MySchedule.app */;
			productType = "com.apple.product-type.application";
		};
/* End PBXNativeTarget section */

/* Begin PBXProject section */
		22D643502C3A9ED2002DEC5F /* Project object */ = {
			isa = PBXProject;
			attributes = {
				BuildIndependentTargetsInParallel = 1;
				LastSwiftUpdateCheck = 1420;
				LastUpgradeCheck = 1420;
				TargetAttributes = {
					22D643572C3A9ED2002DEC5F = {
						CreatedOnToolsVersion = 14.2;
					};
				};
			};
			buildConfigurationList = 22D643532C3A9ED2002DEC5F /* Build configuration list for PBXProject "MySchedule" */;
			compatibilityVersion = "Xcode 14.0";
			developmentRegion = en;
			hasScannedForEncodings = 0;
			knownRegions = (
				en,
				Base,
			);
			mainGroup = 22D6434F2C3A9ED2002DEC5F;
			productRefGroup = 22D643592C3A9ED2002DEC5F /* Products */;
			projectDirPath = "";
			projectRoot = "";
			targets = (
				22D643572C3A9ED2002DEC5F /* MySchedule */,
			);
		};
/* End PBXProject section */

/* Begin PBXResourcesBuildPhase section */
		22D643562C3A9ED2002DEC5F /* Resources */ = {
			isa = PBXResourcesBuildPhase;
			buildActionMask = 2147483647;
			files = (
				22D643682C3A9ED4002DEC5F /* LaunchScreen.storyboard in Resources */,
				22D643652C3A9ED4002DEC5F /* Assets.xcassets in Resources */,
			);
			runOnlyForDeploymentPostprocessing = 0;
		};
/* End PBXResourcesBuildPhase section */

/* Begin PBXShellScriptBuildPhase section */
		4A4E9BAB8E5A0AE82458532B /* [CP] Embed Pods Frameworks */ = {
			isa = PBXShellScriptBuildPhase;
			buildActionMask = 2147483647;
			files = (
			);
			inputFileListPaths = (
				"${PODS_ROOT}/Target Support Files/Pods-MySchedule/Pods-MySchedule-frameworks-${CONFIGURATION}-input-files.xcfilelist",
			);
			name = "[CP] Embed Pods Frameworks";
			outputFileListPaths = (
				"${PODS_ROOT}/Target Support Files/Pods-MySchedule/Pods-MySchedule-frameworks-${CONFIGURATION}-output-files.xcfilelist",
			);
			runOnlyForDeploymentPostprocessing = 0;
			shellPath = /bin/sh;
			shellScript = "\"${PODS_ROOT}/Target Support Files/Pods-MySchedule/Pods-MySchedule-frameworks.sh\"\n";
			showEnvVarsInLog = 0;
		};
		CAB6A50D443BFBD53C5B528C /* [CP] Check Pods Manifest.lock */ = {
			isa = PBXShellScriptBuildPhase;
			buildActionMask = 2147483647;
			files = (
			);
			inputFileListPaths = (
			);
			inputPaths = (
				"${PODS_PODFILE_DIR_PATH}/Podfile.lock",
				"${PODS_ROOT}/Manifest.lock",
			);
			name = "[CP] Check Pods Manifest.lock";
			outputFileListPaths = (
			);
			outputPaths = (
				"$(DERIVED_FILE_DIR)/Pods-MySchedule-checkManifestLockResult.txt",
			);
			runOnlyForDeploymentPostprocessing = 0;
			shellPath = /bin/sh;
			shellScript = "diff \"${PODS_PODFILE_DIR_PATH}/Podfile.lock\" \"${PODS_ROOT}/Manifest.lock\" > /dev/null\nif [ $? != 0 ] ; then\n    # print error to STDERR\n    echo \"error: The sandbox is not in sync with the Podfile.lock. Run 'pod install' or update your CocoaPods installation.\" >&2\n    exit 1\nfi\n# This output is used by Xcode 'outputs' to avoid re-running this script phase.\necho \"SUCCESS\" > \"${SCRIPT_OUTPUT_FILE_0}\"\n";
			showEnvVarsInLog = 0;
		};
/* End PBXShellScriptBuildPhase section */

/* Begin PBXSourcesBuildPhase section */
		22D643542C3A9ED2002DEC5F /* Sources */ = {
			isa = PBXSourcesBuildPhase;
			buildActionMask = 2147483647;
			files = (
				22D643602C3A9ED2002DEC5F /* MainTabBarController.swift in Sources */,
				22088CF12C3AE275006A5692 /* UIStackView.swift in Sources */,
				22D6435C2C3A9ED2002DEC5F /* AppDelegate.swift in Sources */,
				22D643722C3AA140002DEC5F /* TasksViewController.swift in Sources */,
				22088CEB2C3AD0E0006A5692 /* CalendarController.swift in Sources */,
				22D6435E2C3A9ED2002DEC5F /* SceneDelegate.swift in Sources */,
				22D643702C3AA131002DEC5F /* ScheduleViewController.swift in Sources */,
				22088CED2C3AD46C006A5692 /* ScheduleTableViewCell.swift in Sources */,
				22D643742C3AA151002DEC5F /* ContactsViewController.swift in Sources */,
			);
			runOnlyForDeploymentPostprocessing = 0;
		};
/* End PBXSourcesBuildPhase section */

/* Begin PBXVariantGroup section */
		22D643662C3A9ED4002DEC5F /* LaunchScreen.storyboard */ = {
			isa = PBXVariantGroup;
			children = (
				22D643672C3A9ED4002DEC5F /* Base */,
			);
			name = LaunchScreen.storyboard;
			sourceTree = "<group>";
		};
/* End PBXVariantGroup section */

/* Begin XCBuildConfiguration section */
		22D6436A2C3A9ED4002DEC5F /* Debug */ = {
			isa = XCBuildConfiguration;
			buildSettings = {
				ALWAYS_SEARCH_USER_PATHS = NO;
				CLANG_ANALYZER_NONNULL = YES;
				CLANG_ANALYZER_NUMBER_OBJECT_CONVERSION = YES_AGGRESSIVE;
				CLANG_CXX_LANGUAGE_STANDARD = "gnu++20";
				CLANG_ENABLE_MODULES = YES;
				CLANG_ENABLE_OBJC_ARC = YES;
				CLANG_ENABLE_OBJC_WEAK = YES;
				CLANG_WARN_BLOCK_CAPTURE_AUTORELEASING = YES;
				CLANG_WARN_BOOL_CONVERSION = YES;
				CLANG_WARN_COMMA = YES;
				CLANG_WARN_CONSTANT_CONVERSION = YES;
				CLANG_WARN_DEPRECATED_OBJC_IMPLEMENTATIONS = YES;
				CLANG_WARN_DIRECT_OBJC_ISA_USAGE = YES_ERROR;
				CLANG_WARN_DOCUMENTATION_COMMENTS = YES;
				CLANG_WARN_EMPTY_BODY = YES;
				CLANG_WARN_ENUM_CONVERSION = YES;
				CLANG_WARN_INFINITE_RECURSION = YES;
				CLANG_WARN_INT_CONVERSION = YES;
				CLANG_WARN_NON_LITERAL_NULL_CONVERSION = YES;
				CLANG_WARN_OBJC_IMPLICIT_RETAIN_SELF = YES;
				CLANG_WARN_OBJC_LITERAL_CONVERSION = YES;
				CLANG_WARN_OBJC_ROOT_CLASS = YES_ERROR;
				CLANG_WARN_QUOTED_INCLUDE_IN_FRAMEWORK_HEADER = YES;
				CLANG_WARN_RANGE_LOOP_ANALYSIS = YES;
				CLANG_WARN_STRICT_PROTOTYPES = YES;
				CLANG_WARN_SUSPICIOUS_MOVE = YES;
				CLANG_WARN_UNGUARDED_AVAILABILITY = YES_AGGRESSIVE;
				CLANG_WARN_UNREACHABLE_CODE = YES;
				CLANG_WARN__DUPLICATE_METHOD_MATCH = YES;
				COPY_PHASE_STRIP = NO;
				DEBUG_INFORMATION_FORMAT = dwarf;
				ENABLE_STRICT_OBJC_MSGSEND = YES;
				ENABLE_TESTABILITY = YES;
				GCC_C_LANGUAGE_STANDARD = gnu11;
				GCC_DYNAMIC_NO_PIC = NO;
				GCC_NO_COMMON_BLOCKS = YES;
				GCC_OPTIMIZATION_LEVEL = 0;
				GCC_PREPROCESSOR_DEFINITIONS = (
					"DEBUG=1",
					"$(inherited)",
				);
				GCC_WARN_64_TO_32_BIT_CONVERSION = YES;
				GCC_WARN_ABOUT_RETURN_TYPE = YES_ERROR;
				GCC_WARN_UNDECLARED_SELECTOR = YES;
				GCC_WARN_UNINITIALIZED_AUTOS = YES_AGGRESSIVE;
				GCC_WARN_UNUSED_FUNCTION = YES;
				GCC_WARN_UNUSED_VARIABLE = YES;
				IPHONEOS_DEPLOYMENT_TARGET = 16.2;
				MTL_ENABLE_DEBUG_INFO = INCLUDE_SOURCE;
				MTL_FAST_MATH = YES;
				ONLY_ACTIVE_ARCH = YES;
				SDKROOT = iphoneos;
				SWIFT_ACTIVE_COMPILATION_CONDITIONS = DEBUG;
				SWIFT_OPTIMIZATION_LEVEL = "-Onone";
			};
			name = Debug;
		};
		22D6436B2C3A9ED4002DEC5F /* Release */ = {
			isa = XCBuildConfiguration;
			buildSettings = {
				ALWAYS_SEARCH_USER_PATHS = NO;
				CLANG_ANALYZER_NONNULL = YES;
				CLANG_ANALYZER_NUMBER_OBJECT_CONVERSION = YES_AGGRESSIVE;
				CLANG_CXX_LANGUAGE_STANDARD = "gnu++20";
				CLANG_ENABLE_MODULES = YES;
				CLANG_ENABLE_OBJC_ARC = YES;
				CLANG_ENABLE_OBJC_WEAK = YES;
				CLANG_WARN_BLOCK_CAPTURE_AUTORELEASING = YES;
				CLANG_WARN_BOOL_CONVERSION = YES;
				CLANG_WARN_COMMA = YES;
				CLANG_WARN_CONSTANT_CONVERSION = YES;
				CLANG_WARN_DEPRECATED_OBJC_IMPLEMENTATIONS = YES;
				CLANG_WARN_DIRECT_OBJC_ISA_USAGE = YES_ERROR;
				CLANG_WARN_DOCUMENTATION_COMMENTS = YES;
				CLANG_WARN_EMPTY_BODY = YES;
				CLANG_WARN_ENUM_CONVERSION = YES;
				CLANG_WARN_INFINITE_RECURSION = YES;
				CLANG_WARN_INT_CONVERSION = YES;
				CLANG_WARN_NON_LITERAL_NULL_CONVERSION = YES;
				CLANG_WARN_OBJC_IMPLICIT_RETAIN_SELF = YES;
				CLANG_WARN_OBJC_LITERAL_CONVERSION = YES;
				CLANG_WARN_OBJC_ROOT_CLASS = YES_ERROR;
				CLANG_WARN_QUOTED_INCLUDE_IN_FRAMEWORK_HEADER = YES;
				CLANG_WARN_RANGE_LOOP_ANALYSIS = YES;
				CLANG_WARN_STRICT_PROTOTYPES = YES;
				CLANG_WARN_SUSPICIOUS_MOVE = YES;
				CLANG_WARN_UNGUARDED_AVAILABILITY = YES_AGGRESSIVE;
				CLANG_WARN_UNREACHABLE_CODE = YES;
				CLANG_WARN__DUPLICATE_METHOD_MATCH = YES;
				COPY_PHASE_STRIP = NO;
				DEBUG_INFORMATION_FORMAT = "dwarf-with-dsym";
				ENABLE_NS_ASSERTIONS = NO;
				ENABLE_STRICT_OBJC_MSGSEND = YES;
				GCC_C_LANGUAGE_STANDARD = gnu11;
				GCC_NO_COMMON_BLOCKS = YES;
				GCC_WARN_64_TO_32_BIT_CONVERSION = YES;
				GCC_WARN_ABOUT_RETURN_TYPE = YES_ERROR;
				GCC_WARN_UNDECLARED_SELECTOR = YES;
				GCC_WARN_UNINITIALIZED_AUTOS = YES_AGGRESSIVE;
				GCC_WARN_UNUSED_FUNCTION = YES;
				GCC_WARN_UNUSED_VARIABLE = YES;
				IPHONEOS_DEPLOYMENT_TARGET = 16.2;
				MTL_ENABLE_DEBUG_INFO = NO;
				MTL_FAST_MATH = YES;
				SDKROOT = iphoneos;
				SWIFT_COMPILATION_MODE = wholemodule;
				SWIFT_OPTIMIZATION_LEVEL = "-O";
				VALIDATE_PRODUCT = YES;
			};
			name = Release;
		};
		22D6436D2C3A9ED4002DEC5F /* Debug */ = {
			isa = XCBuildConfiguration;
			baseConfigurationReference = E5156955CF35A955BDBC2DDD /* Pods-MySchedule.debug.xcconfig */;
			buildSettings = {
				ASSETCATALOG_COMPILER_APPICON_NAME = AppIcon;
				ASSETCATALOG_COMPILER_GLOBAL_ACCENT_COLOR_NAME = AccentColor;
				CODE_SIGN_STYLE = Automatic;
				CURRENT_PROJECT_VERSION = 1;
				GENERATE_INFOPLIST_FILE = YES;
				INFOPLIST_FILE = MySchedule/App/Info.plist;
				INFOPLIST_KEY_UIApplicationSupportsIndirectInputEvents = YES;
				INFOPLIST_KEY_UILaunchStoryboardName = LaunchScreen;
				INFOPLIST_KEY_UISupportedInterfaceOrientations_iPad = "UIInterfaceOrientationPortrait UIInterfaceOrientationPortraitUpsideDown UIInterfaceOrientationLandscapeLeft UIInterfaceOrientationLandscapeRight";
				INFOPLIST_KEY_UISupportedInterfaceOrientations_iPhone = "UIInterfaceOrientationPortrait UIInterfaceOrientationLandscapeLeft UIInterfaceOrientationLandscapeRight";
				LD_RUNPATH_SEARCH_PATHS = (
					"$(inherited)",
					"@executable_path/Frameworks",
				);
				MARKETING_VERSION = 1.0;
				PRODUCT_BUNDLE_IDENTIFIER = "gvladislav-52.MySchedule";
				PRODUCT_NAME = "$(TARGET_NAME)";
				SWIFT_EMIT_LOC_STRINGS = YES;
				SWIFT_VERSION = 5.0;
				TARGETED_DEVICE_FAMILY = "1,2";
			};
			name = Debug;
		};
		22D6436E2C3A9ED4002DEC5F /* Release */ = {
			isa = XCBuildConfiguration;
			baseConfigurationReference = 3850445AA7A7E48711FB042F /* Pods-MySchedule.release.xcconfig */;
			buildSettings = {
				ASSETCATALOG_COMPILER_APPICON_NAME = AppIcon;
				ASSETCATALOG_COMPILER_GLOBAL_ACCENT_COLOR_NAME = AccentColor;
				CODE_SIGN_STYLE = Automatic;
				CURRENT_PROJECT_VERSION = 1;
				GENERATE_INFOPLIST_FILE = YES;
				INFOPLIST_FILE = MySchedule/App/Info.plist;
				INFOPLIST_KEY_UIApplicationSupportsIndirectInputEvents = YES;
				INFOPLIST_KEY_UILaunchStoryboardName = LaunchScreen;
				INFOPLIST_KEY_UISupportedInterfaceOrientations_iPad = "UIInterfaceOrientationPortrait UIInterfaceOrientationPortraitUpsideDown UIInterfaceOrientationLandscapeLeft UIInterfaceOrientationLandscapeRight";
				INFOPLIST_KEY_UISupportedInterfaceOrientations_iPhone = "UIInterfaceOrientationPortrait UIInterfaceOrientationLandscapeLeft UIInterfaceOrientationLandscapeRight";
				LD_RUNPATH_SEARCH_PATHS = (
					"$(inherited)",
					"@executable_path/Frameworks",
				);
				MARKETING_VERSION = 1.0;
				PRODUCT_BUNDLE_IDENTIFIER = "gvladislav-52.MySchedule";
				PRODUCT_NAME = "$(TARGET_NAME)";
				SWIFT_EMIT_LOC_STRINGS = YES;
				SWIFT_VERSION = 5.0;
				TARGETED_DEVICE_FAMILY = "1,2";
			};
			name = Release;
		};
/* End XCBuildConfiguration section */

/* Begin XCConfigurationList section */
		22D643532C3A9ED2002DEC5F /* Build configuration list for PBXProject "MySchedule" */ = {
			isa = XCConfigurationList;
			buildConfigurations = (
				22D6436A2C3A9ED4002DEC5F /* Debug */,
				22D6436B2C3A9ED4002DEC5F /* Release */,
			);
			defaultConfigurationIsVisible = 0;
			defaultConfigurationName = Release;
		};
		22D6436C2C3A9ED4002DEC5F /* Build configuration list for PBXNativeTarget "MySchedule" */ = {
			isa = XCConfigurationList;
			buildConfigurations = (
				22D6436D2C3A9ED4002DEC5F /* Debug */,
				22D6436E2C3A9ED4002DEC5F /* Release */,
			);
			defaultConfigurationIsVisible = 0;
			defaultConfigurationName = Release;
		};
/* End XCConfigurationList section */
	};
	rootObject = 22D643502C3A9ED2002DEC5F /* Project object */;
}
